
Microsoft Visual Studio Solution File, Format Version 12.00
# Visual Studio Version 16
VisualStudioVersion = 16.0.29806.167
MinimumVisualStudioVersion = 10.0.40219.1
Project("{FAE04EC0-301F-11D3-BF4B-00C04F79EFBC}") = "APIMOBILE", "APIMOBILE\APIMOBILE.csproj", "{2946152E-96BE-4FAF-8DB8-FA455035FB65}"
EndProject
Global
	GlobalSection(SolutionConfigurationPlatforms) = preSolution
		Debug|Any CPU = Debug|Any CPU
		Release|Any CPU = Release|Any CPU
	EndGlobalSection
	GlobalSection(ProjectConfigurationPlatforms) = postSolution
		{2946152E-96BE-4FAF-8DB8-FA455035FB65}.Debug|Any CPU.ActiveCfg = Debug|Any CPU
		{2946152E-96BE-4FAF-8DB8-FA455035FB65}.Debug|Any CPU.Build.0 = Debug|Any CPU
		{2946152E-96BE-4FAF-8DB8-FA455035FB65}.Release|Any CPU.ActiveCfg = Release|Any CPU
		{2946152E-96BE-4FAF-8DB8-FA455035FB65}.Release|Any CPU.Build.0 = Release|Any CPU
	EndGlobalSection
	GlobalSection(SolutionProperties) = preSolution
		HideSolutionNode = FALSE
	EndGlobalSection
	GlobalSection(ExtensibilityGlobals) = postSolution
		SolutionGuid = {CE04D224-2A8A-4DCF-AE7C-99C46836BD5C}
	EndGlobalSection
EndGlobal
